
Microsoft Visual Studio Solution File, Format Version 12.00
# Visual Studio Version 17
VisualStudioVersion = 17.4.33403.182
MinimumVisualStudioVersion = 10.0.40219.1
Project("{9A19103F-16F7-4668-BE54-9A1E7A4F7556}") = "Notebook", "TESTINGAPP\Notebook.csproj", "{A91217A5-31BA-47C7-9B9F-BC3C084D689A}"
EndProject
Project("{9A19103F-16F7-4668-BE54-9A1E7A4F7556}") = "Notebook.Models", "TESTINGAPP.Models\Notebook.Models.csproj", "{39AF93AB-BA39-42CF-AC37-E1E839AE3E43}"
EndProject
Project("{9A19103F-16F7-4668-BE54-9A1E7A4F7556}") = "Notebook.Common", "TESTINGAPP.Common\Notebook.Common.csproj", "{CF57DE7F-1F05-45EF-B622-DD094E0F39B4}"
EndProject
Project("{9A19103F-16F7-4668-BE54-9A1E7A4F7556}") = "Notebook.BusinessLogic", "TESTINGAPP.BusinessLogic\Notebook.BusinessLogic.csproj", "{1CD2E1D7-51D3-46F3-BA93-D3BBCDFFC93A}"
EndProject
Global
	GlobalSection(SolutionConfigurationPlatforms) = preSolution
		Debug|Any CPU = Debug|Any CPU
		Release|Any CPU = Release|Any CPU
	EndGlobalSection
	GlobalSection(ProjectConfigurationPlatforms) = postSolution
		{A91217A5-31BA-47C7-9B9F-BC3C084D689A}.Debug|Any CPU.ActiveCfg = Debug|Any CPU
		{A91217A5-31BA-47C7-9B9F-BC3C084D689A}.Debug|Any CPU.Build.0 = Debug|Any CPU
		{A91217A5-31BA-47C7-9B9F-BC3C084D689A}.Release|Any CPU.ActiveCfg = Release|Any CPU
		{A91217A5-31BA-47C7-9B9F-BC3C084D689A}.Release|Any CPU.Build.0 = Release|Any CPU
		{39AF93AB-BA39-42CF-AC37-E1E839AE3E43}.Debug|Any CPU.ActiveCfg = Debug|Any CPU
		{39AF93AB-BA39-42CF-AC37-E1E839AE3E43}.Debug|Any CPU.Build.0 = Debug|Any CPU
		{39AF93AB-BA39-42CF-AC37-E1E839AE3E43}.Release|Any CPU.ActiveCfg = Release|Any CPU
		{39AF93AB-BA39-42CF-AC37-E1E839AE3E43}.Release|Any CPU.Build.0 = Release|Any CPU
		{CF57DE7F-1F05-45EF-B622-DD094E0F39B4}.Debug|Any CPU.ActiveCfg = Debug|Any CPU
		{CF57DE7F-1F05-45EF-B622-DD094E0F39B4}.Debug|Any CPU.Build.0 = Debug|Any CPU
		{CF57DE7F-1F05-45EF-B622-DD094E0F39B4}.Release|Any CPU.ActiveCfg = Release|Any CPU
		{CF57DE7F-1F05-45EF-B622-DD094E0F39B4}.Release|Any CPU.Build.0 = Release|Any CPU
		{1CD2E1D7-51D3-46F3-BA93-D3BBCDFFC93A}.Debug|Any CPU.ActiveCfg = Debug|Any CPU
		{1CD2E1D7-51D3-46F3-BA93-D3BBCDFFC93A}.Debug|Any CPU.Build.0 = Debug|Any CPU
		{1CD2E1D7-51D3-46F3-BA93-D3BBCDFFC93A}.Release|Any CPU.ActiveCfg = Release|Any CPU
		{1CD2E1D7-51D3-46F3-BA93-D3BBCDFFC93A}.Release|Any CPU.Build.0 = Release|Any CPU
	EndGlobalSection
	GlobalSection(SolutionProperties) = preSolution
		HideSolutionNode = FALSE
	EndGlobalSection
	GlobalSection(ExtensibilityGlobals) = postSolution
		SolutionGuid = {F7272CDE-8944-4BB4-9C92-D361FB9B8E67}
	EndGlobalSection
EndGlobal
